{
    "_meta": {
        "hash": {
            "sha256": "30e69e164fadd4e76f933be6936c4667ec6c508fd7866c55bb52719af79e46ff"
        },
        "pipfile-spec": 6,
        "requires": {},
        "sources": [
            {
                "name": "pypi",
                "url": "https://pypi.python.org/simple",
                "verify_ssl": true
            }
        ]
    },
    "default": {
        "apscheduler": {
            "hashes": [
                "sha256:bc9f96e498adb362beb5f1d3715a2570d100183add4ace5227c1a7d5dbaac900",
                "sha256:f68874dff1bdffcc6ce3adb7840c1e4d162c609a3e3f831351df30b75732767b"
            ],
            "index": "pypi",
            "version": "==3.3.1"
        },
        "argcomplete": {
            "hashes": [
                "sha256:c079ceb0b72d4d4e03531ed77e6071babb9d42c3f790d7def2c41295b4990b44",
                "sha256:d97b7f3cfaa4e494ad59ed6d04c938fc5ed69b590bd8f53274e258fb1119bd1b"
            ],
            "version": "==1.9.3"
        },
        "autocommand": {
            "hashes": [
                "sha256:710afe251075e038e19e815e25f8155cabe02196cfb545b2185e0d9c8b2b0459",
                "sha256:878de9423c5596491167225c2a455043c3130fb5b7286ac83443d45e74955f34"
            ],
            "markers": "python_version >= '3.7'",
            "version": "==2.2.2"
        },
        "beautifulsoup4": {
            "hashes": [
                "sha256:0a91347d5a4ab2196407ff4d3d758f2e712cae9bdfa3fd1eb0f83edea95e0d8d",
                "sha256:50e031957fe5d72c7ff6c10575d07b83a6462d12d12af03666b0dd1d9aa81c43",
                "sha256:b21ca09366fa596043578fd4188b052b46634d22059e68dd0077d9ee77e08a3e"
            ],
            "index": "pypi",
            "version": "==4.5.3"
        },
        "boto3": {
            "hashes": [
                "sha256:d47a68a0ca6599e8711c7da670fbac24085d9d50cfb4f761204f154d2b6fae26",
                "sha256:f0a78f94a7140b60960898fd86677e4e73cc96bd7f3e5c64fc5cc1818d04c7b8"
            ],
            "markers": "python_version >= '3.7'",
            "version": "==1.26.138"
        },
        "botocore": {
            "hashes": [
                "sha256:31edc237088c104f7a05887646bbec31d7459dd2e108fd90cbffa315902817e2",
                "sha256:3d145f30d10a9c712acee48e7ce906c9456bb25fe50d477c9312c702ccfa50d1"
            ],
            "markers": "python_version >= '3.7'",
            "version": "==1.29.138"
        },
        "certifi": {
            "hashes": [
                "sha256:0f0d56dc5a6ad56fd4ba36484d6cc34451e1c6548c61daad8c320169f91eddc7",
                "sha256:c6c2e98f5c7869efca1f8916fed228dd91539f9f1b444c314c06eef02980c716"
            ],
            "markers": "python_version >= '3.6'",
            "version": "==2023.5.7"
        },
        "cfn-flip": {
            "hashes": [
                "sha256:7dc9f39a9c4f90b0862648e047fdb48fc2f0e17dca81bb1d6dd4d14a1bfb61ec"
            ],
            "version": "==1.2.0"
        },
        "charset-normalizer": {
            "hashes": [
                "sha256:04afa6387e2b282cf78ff3dbce20f0cc071c12dc8f685bd40960cc68644cfea6",
                "sha256:04eefcee095f58eaabe6dc3cc2262f3bcd776d2c67005880894f447b3f2cb9c1",
                "sha256:0be65ccf618c1e7ac9b849c315cc2e8a8751d9cfdaa43027d4f6624bd587ab7e",
                "sha256:0c95f12b74681e9ae127728f7e5409cbbef9cd914d5896ef238cc779b8152373",
                "sha256:0ca564606d2caafb0abe6d1b5311c2649e8071eb241b2d64e75a0d0065107e62",
                "sha256:10c93628d7497c81686e8e5e557aafa78f230cd9e77dd0c40032ef90c18f2230",
                "sha256:11d117e6c63e8f495412d37e7dc2e2fff09c34b2d09dbe2bee3c6229577818be",
                "sha256:11d3bcb7be35e7b1bba2c23beedac81ee893ac9871d0ba79effc7fc01167db6c",
                "sha256:12a2b561af122e3d94cdb97fe6fb2bb2b82cef0cdca131646fdb940a1eda04f0",
                "sha256:12d1a39aa6b8c6f6248bb54550efcc1c38ce0d8096a146638fd4738e42284448",
                "sha256:1435ae15108b1cb6fffbcea2af3d468683b7afed0169ad718451f8db5d1aff6f",
                "sha256:1c60b9c202d00052183c9be85e5eaf18a4ada0a47d188a83c8f5c5b23252f649",
                "sha256:1e8fcdd8f672a1c4fc8d0bd3a2b576b152d2a349782d1eb0f6b8e52e9954731d",
                "sha256:20064ead0717cf9a73a6d1e779b23d149b53daf971169289ed2ed43a71e8d3b0",
                "sha256:21fa558996782fc226b529fdd2ed7866c2c6ec91cee82735c98a197fae39f706",
                "sha256:22908891a380d50738e1f978667536f6c6b526a2064156203d418f4856d6e86a",
                "sha256:3160a0fd9754aab7d47f95a6b63ab355388d890163eb03b2d2b87ab0a30cfa59",
                "sha256:322102cdf1ab682ecc7d9b1c5eed4ec59657a65e1c146a0da342b78f4112db23",
                "sha256:34e0a2f9c370eb95597aae63bf85eb5e96826d81e3dcf88b8886012906f509b5",
                "sha256:3573d376454d956553c356df45bb824262c397c6e26ce43e8203c4c540ee0acb",
                "sha256:3747443b6a904001473370d7810aa19c3a180ccd52a7157aacc264a5ac79265e",
                "sha256:38e812a197bf8e71a59fe55b757a84c1f946d0ac114acafaafaf21667a7e169e",
                "sha256:3a06f32c9634a8705f4ca9946d667609f52cf130d5548881401f1eb2c39b1e2c",
                "sha256:3a5fc78f9e3f501a1614a98f7c54d3969f3ad9bba8ba3d9b438c3bc5d047dd28",
                "sha256:3d9098b479e78c85080c98e1e35ff40b4a31d8953102bb0fd7d1b6f8a2111a3d",
                "sha256:3dc5b6a8ecfdc5748a7e429782598e4f17ef378e3e272eeb1340ea57c9109f41",
                "sha256:4155b51ae05ed47199dc5b2a4e62abccb274cee6b01da5b895099b61b1982974",
                "sha256:49919f8400b5e49e961f320c735388ee686a62327e773fa5b3ce6721f7e785ce",
                "sha256:53d0a3fa5f8af98a1e261de6a3943ca631c526635eb5817a87a59d9a57ebf48f",
                "sha256:5f008525e02908b20e04707a4f704cd286d94718f48bb33edddc7d7b584dddc1",
                "sha256:628c985afb2c7d27a4800bfb609e03985aaecb42f955049957814e0491d4006d",
                "sha256:65ed923f84a6844de5fd29726b888e58c62820e0769b76565480e1fdc3d062f8",
                "sha256:6734e606355834f13445b6adc38b53c0fd45f1a56a9ba06c2058f86893ae8017",
                "sha256:6baf0baf0d5d265fa7944feb9f7451cc316bfe30e8df1a61b1bb08577c554f31",
                "sha256:6f4f4668e1831850ebcc2fd0b1cd11721947b6dc7c00bf1c6bd3c929ae14f2c7",
                "sha256:6f5c2e7bc8a4bf7c426599765b1bd33217ec84023033672c1e9a8b35eaeaaaf8",
                "sha256:6f6c7a8a57e9405cad7485f4c9d3172ae486cfef1344b5ddd8e5239582d7355e",
                "sha256:7381c66e0561c5757ffe616af869b916c8b4e42b367ab29fedc98481d1e74e14",
                "sha256:73dc03a6a7e30b7edc5b01b601e53e7fc924b04e1835e8e407c12c037e81adbd",
                "sha256:74db0052d985cf37fa111828d0dd230776ac99c740e1a758ad99094be4f1803d",
                "sha256:75f2568b4189dda1c567339b48cba4ac7384accb9c2a7ed655cd86b04055c795",
                "sha256:78cacd03e79d009d95635e7d6ff12c21eb89b894c354bd2b2ed0b4763373693b",
                "sha256:80d1543d58bd3d6c271b66abf454d437a438dff01c3e62fdbcd68f2a11310d4b",
                "sha256:830d2948a5ec37c386d3170c483063798d7879037492540f10a475e3fd6f244b",
                "sha256:891cf9b48776b5c61c700b55a598621fdb7b1e301a550365571e9624f270c203",
                "sha256:8f25e17ab3039b05f762b0a55ae0b3632b2e073d9c8fc88e89aca31a6198e88f",
                "sha256:9a3267620866c9d17b959a84dd0bd2d45719b817245e49371ead79ed4f710d19",
                "sha256:a04f86f41a8916fe45ac5024ec477f41f886b3c435da2d4e3d2709b22ab02af1",
                "sha256:aaf53a6cebad0eae578f062c7d462155eada9c172bd8c4d250b8c1d8eb7f916a",
                "sha256:abc1185d79f47c0a7aaf7e2412a0eb2c03b724581139193d2d82b3ad8cbb00ac",
                "sha256:ac0aa6cd53ab9a31d397f8303f92c42f534693528fafbdb997c82bae6e477ad9",
                "sha256:ac3775e3311661d4adace3697a52ac0bab17edd166087d493b52d4f4f553f9f0",
                "sha256:b06f0d3bf045158d2fb8837c5785fe9ff9b8c93358be64461a1089f5da983137",
                "sha256:b116502087ce8a6b7a5f1814568ccbd0e9f6cfd99948aa59b0e241dc57cf739f",
                "sha256:b82fab78e0b1329e183a65260581de4375f619167478dddab510c6c6fb04d9b6",
                "sha256:bd7163182133c0c7701b25e604cf1611c0d87712e56e88e7ee5d72deab3e76b5",
                "sha256:c36bcbc0d5174a80d6cccf43a0ecaca44e81d25be4b7f90f0ed7bcfbb5a00909",
                "sha256:c3af8e0f07399d3176b179f2e2634c3ce9c1301379a6b8c9c9aeecd481da494f",
                "sha256:c84132a54c750fda57729d1e2599bb598f5fa0344085dbde5003ba429a4798c0",
                "sha256:cb7b2ab0188829593b9de646545175547a70d9a6e2b63bf2cd87a0a391599324",
                "sha256:cca4def576f47a09a943666b8f829606bcb17e2bc2d5911a46c8f8da45f56755",
                "sha256:cf6511efa4801b9b38dc5546d7547d5b5c6ef4b081c60b23e4d941d0eba9cbeb",
                "sha256:d16fd5252f883eb074ca55cb622bc0bee49b979ae4e8639fff6ca3ff44f9f854",
                "sha256:d2686f91611f9e17f4548dbf050e75b079bbc2a82be565832bc8ea9047b61c8c",
                "sha256:d7fc3fca01da18fbabe4625d64bb612b533533ed10045a2ac3dd194bfa656b60",
                "sha256:dd5653e67b149503c68c4018bf07e42eeed6b4e956b24c00ccdf93ac79cdff84",
                "sha256:de5695a6f1d8340b12a5d6d4484290ee74d61e467c39ff03b39e30df62cf83a0",
                "sha256:e0ac8959c929593fee38da1c2b64ee9778733cdf03c482c9ff1d508b6b593b2b",
                "sha256:e1b25e3ad6c909f398df8921780d6a3d120d8c09466720226fc621605b6f92b1",
                "sha256:e633940f28c1e913615fd624fcdd72fdba807bf53ea6925d6a588e84e1151531",
                "sha256:e89df2958e5159b811af9ff0f92614dabf4ff617c03a4c1c6ff53bf1c399e0e1",
                "sha256:ea9f9c6034ea2d93d9147818f17c2a0860d41b71c38b9ce4d55f21b6f9165a11",
                "sha256:f645caaf0008bacf349875a974220f1f1da349c5dbe7c4ec93048cdc785a3326",
                "sha256:f8303414c7b03f794347ad062c0516cee0e15f7a612abd0ce1e25caf6ceb47df",
                "sha256:fca62a8301b605b954ad2e9c3666f9d97f63872aa4efcae5492baca2056b74ab"
            ],
            "markers": "python_version >= '3.7'",
            "version": "==3.1.0"
        },
        "click": {
            "hashes": [
                "sha256:7682dc8afb30297001674575ea00d1814d808d6a36af415a82bd481d37ba7b8e",
                "sha256:bb4d8133cb15a609f44e8213d9b391b0809795062913b383c62be0ee95b1db48"
            ],
            "markers": "python_version >= '3.7'",
            "version": "==8.1.3"
        },
        "docutils": {
            "hashes": [
                "sha256:96f387a2c5562db4476f09f13bbab2192e764cac08ebbf3a34a95d9b1e4a59d6",
                "sha256:f08a4e276c3a1583a86dce3e34aba3fe04d02bba2dd51ed16106244e8a923e3b"
            ],
            "markers": "python_version >= '3.7'",
            "version": "==0.20.1"
        },
        "durationpy": {
            "hashes": [
                "sha256:5ef9416b527b50d722f34655becfb75e49228eb82f87b855ed1911b3314b5408"
            ],
            "version": "==0.5"
        },
        "flask": {
            "hashes": [
                "sha256:2271c0070dbcb5275fad4a82e29f23ab92682dc45f9dfbc22c02ba9b9322ce48",
                "sha256:a080b744b7e345ccfcbc77954861cb05b3c63786e93f2b3875e0913d44b43f05"
            ],
            "index": "pypi",
            "version": "==1.0.2"
        },
        "flask-cors": {
            "hashes": [
                "sha256:7ad56ee3b90d4955148fc25a2ecaa1124fc84298471e266a7fea59aeac4405a5",
                "sha256:7e90bf225fdf163d11b84b59fb17594d0580a16b97ab4e1146b1fb2737c1cfec"
            ],
            "index": "pypi",
            "version": "==3.0.7"
        },
        "future": {
            "hashes": [
                "sha256:e39ced1ab767b5936646cedba8bcce582398233d6a627067d4c6a454c90cfedb"
            ],
            "version": "==0.16.0"
        },
        "hjson": {
            "hashes": [
                "sha256:1d1727faa6aaef2973921877125a3ab7c5f6d34b93233179d01770f41fab51f9",
                "sha256:febbfbd43e64d2a822efe8b6c720683954b48c0bb1532170c05a7fc8470d3426"
            ],
            "version": "==3.0.1"
        },
        "idna": {
            "hashes": [
                "sha256:814f528e8dead7d329833b91c5faa87d60bf71824cd12a7530b5526063d02cb4",
                "sha256:90b77e79eaa3eba6de819a0c442c0b4ceefc341a7a2ab77d7562bf49f425c5c2"
            ],
            "markers": "python_version >= '3.5'",
            "version": "==3.4"
        },
        "inflect": {
            "hashes": [
                "sha256:1842649a17b6cad66812a5c9bdfacb6310e1e7b6dd8a31f026766df1b62612eb",
                "sha256:2d592e7e4eafb6e51f9c626c5dd4288f5ce55981eaac9b342e868ead95ead5c3"
            ],
            "markers": "python_version >= '3.7'",
            "version": "==6.0.4"
        },
        "irc": {
            "hashes": [
                "sha256:986706eb76da86f14ebd69f7955a2ae132fe45dde60e67ddd9c6c50b7dc914ee",
                "sha256:a779d75cba884418af8858af234ec3d8dae6b732a50732d97436fb305d5b25ac"
            ],
            "index": "pypi",
            "version": "==15.0.6"
        },
        "itsdangerous": {
            "hashes": [
                "sha256:2c2349112351b88699d8d4b6b075022c0808887cb7ad10069318a8b0bc88db44",
                "sha256:5dbbc68b317e5e42f327f9021763545dc3fc3bfe22e6deb96aaf1fc38874156a"
            ],
            "markers": "python_version >= '3.7'",
            "version": "==2.1.2"
        },
        "jaraco.collections": {
            "hashes": [
                "sha256:4f5a36aa6aa196dc13a9d0575aa442e9fedab664b9b12e83810f2333ef6c3e57",
                "sha256:50df4efbacb296d9e03c7f9387af0ecb01fab5ae37349499da4881c5fb1a56ec"
            ],
            "markers": "python_version >= '3.7'",
            "version": "==4.1.0"
        },
        "jaraco.context": {
            "hashes": [
                "sha256:4dad2404540b936a20acedec53355bdaea223acb88fd329fa6de9261c941566e",
                "sha256:5d9e95ca0faa78943ed66f6bc658dd637430f16125d86988e77844c741ff2f11"
            ],
            "markers": "python_version >= '3.7'",
            "version": "==4.3.0"
        },
        "jaraco.functools": {
            "hashes": [
                "sha256:2e1a3be11abaecee5f5ab8dd589638be8304cc4cb91361fe5e683f4b6d9fb7a3",
                "sha256:f43fdb95a9b96e85eb2a5126481cb7c96cf342dc9ff4d4d45d322186d33720b8"
            ],
            "markers": "python_version >= '3.7'",
            "version": "==3.6.0"
        },
        "jaraco.itertools": {
            "hashes": [
                "sha256:6098edb37c6b8023f3794d42588a13bf75b2ca02b40ff9795c846bcbe0c1b46c",
                "sha256:68b8431b157df6582a618cb6266fba6b19b0ac95078c5690fc5ecd1a8b0cc924"
            ],
            "markers": "python_version >= '3.7'",
            "version": "==6.2.1"
        },
        "jaraco.logging": {
            "hashes": [
                "sha256:1dd1c01faba569d976ae9cad5b009c7ae132786dc58c5e9edd0efa069d9e0410",
                "sha256:93a70b8b3767779ad6c7b56ee98579ced77b69f16abbcae749f62c2c59e67931"
            ],
            "markers": "python_version >= '3.7'",
            "version": "==3.1.2"
        },
        "jaraco.stream": {
            "hashes": [
                "sha256:3af4b0441090ee65bd6dde930d29f93f50c4a2fe6048e2a9d288285f5e4dc441",
                "sha256:7fe38f25767b717afcf3ca79ec8fff06e85ae166fb5e42da58cc2a581bc9db39"
            ],
            "markers": "python_version >= '3.6'",
            "version": "==3.0.3"
        },
        "jaraco.text": {
            "hashes": [
                "sha256:333a5df2148f7139718607cdf352fe1d95162971a7299c380dcc24dab0168980",
                "sha256:e5e881f377c416f756ad9db9bbaa5a64ff19608c1c8fe350910689f75747d146"
            ],
            "markers": "python_version >= '3.7'",
            "version": "==3.11.1"
        },
        "jinja2": {
            "hashes": [
                "sha256:31351a702a408a9e7595a8fc6150fc3f43bb6bf7e319770cbc0db9df9437e852",
                "sha256:6088930bfe239f0e6710546ab9c19c9ef35e29792895fed6e6e31a023a182a61"
            ],
            "markers": "python_version >= '3.7'",
            "version": "==3.1.2"
        },
        "jmespath": {
            "hashes": [
                "sha256:6a81d4c9aa62caf061cb517b4d9ad1dd300374cd4706997aff9cd6aedd61fc64",
                "sha256:f11b4461f425740a1d908e9a3f7365c3d2e569f6ca68a2ff8bc5bcd9676edd63"
            ],
            "version": "==0.9.3"
        },
        "kappa": {
            "hashes": [
                "sha256:4b5b372872f25d619e427e04282551048dc975a107385b076b3ffc6406a15833",
                "sha256:4d6b7b3accce4a0aaaac92b36237a6304f0f2fffbbe3caea3f7c9f52d12c9989"
            ],
            "version": "==0.6.0"
        },
        "lambda-packages": {
            "hashes": [
                "sha256:b5e3b81ecef5f7c1b0903b5c40813536ba2343a33868a567e4e4ff1e26243406"
            ],
            "version": "==0.20.0"
        },
        "markupsafe": {
            "hashes": [
                "sha256:0576fe974b40a400449768941d5d0858cc624e3249dfd1e0c33674e5c7ca7aed",
                "sha256:085fd3201e7b12809f9e6e9bc1e5c96a368c8523fad5afb02afe3c051ae4afcc",
                "sha256:090376d812fb6ac5f171e5938e82e7f2d7adc2b629101cec0db8b267815c85e2",
                "sha256:0b462104ba25f1ac006fdab8b6a01ebbfbce9ed37fd37fd4acd70c67c973e460",
                "sha256:137678c63c977754abe9086a3ec011e8fd985ab90631145dfb9294ad09c102a7",
                "sha256:1bea30e9bf331f3fef67e0a3877b2288593c98a21ccb2cf29b74c581a4eb3af0",
                "sha256:22152d00bf4a9c7c83960521fc558f55a1adbc0631fbb00a9471e097b19d72e1",
                "sha256:22731d79ed2eb25059ae3df1dfc9cb1546691cc41f4e3130fe6bfbc3ecbbecfa",
                "sha256:2298c859cfc5463f1b64bd55cb3e602528db6fa0f3cfd568d3605c50678f8f03",
                "sha256:28057e985dace2f478e042eaa15606c7efccb700797660629da387eb289b9323",
                "sha256:2e7821bffe00aa6bd07a23913b7f4e01328c3d5cc0b40b36c0bd81d362faeb65",
                "sha256:2ec4f2d48ae59bbb9d1f9d7efb9236ab81429a764dedca114f5fdabbc3788013",
                "sha256:340bea174e9761308703ae988e982005aedf427de816d1afe98147668cc03036",
                "sha256:40627dcf047dadb22cd25ea7ecfe9cbf3bbbad0482ee5920b582f3809c97654f",
                "sha256:40dfd3fefbef579ee058f139733ac336312663c6706d1163b82b3003fb1925c4",
                "sha256:4cf06cdc1dda95223e9d2d3c58d3b178aa5dacb35ee7e3bbac10e4e1faacb419",
                "sha256:50c42830a633fa0cf9e7d27664637532791bfc31c731a87b202d2d8ac40c3ea2",
                "sha256:55f44b440d491028addb3b88f72207d71eeebfb7b5dbf0643f7c023ae1fba619",
                "sha256:608e7073dfa9e38a85d38474c082d4281f4ce276ac0010224eaba11e929dd53a",
                "sha256:63ba06c9941e46fa389d389644e2d8225e0e3e5ebcc4ff1ea8506dce646f8c8a",
                "sha256:65608c35bfb8a76763f37036547f7adfd09270fbdbf96608be2bead319728fcd",
                "sha256:665a36ae6f8f20a4676b53224e33d456a6f5a72657d9c83c2aa00765072f31f7",
                "sha256:6d6607f98fcf17e534162f0709aaad3ab7a96032723d8ac8750ffe17ae5a0666",
                "sha256:7313ce6a199651c4ed9d7e4cfb4aa56fe923b1adf9af3b420ee14e6d9a73df65",
                "sha256:7668b52e102d0ed87cb082380a7e2e1e78737ddecdde129acadb0eccc5423859",
                "sha256:7df70907e00c970c60b9ef2938d894a9381f38e6b9db73c5be35e59d92e06625",
                "sha256:7e007132af78ea9df29495dbf7b5824cb71648d7133cf7848a2a5dd00d36f9ff",
                "sha256:835fb5e38fd89328e9c81067fd642b3593c33e1e17e2fdbf77f5676abb14a156",
                "sha256:8bca7e26c1dd751236cfb0c6c72d4ad61d986e9a41bbf76cb445f69488b2a2bd",
                "sha256:8db032bf0ce9022a8e41a22598eefc802314e81b879ae093f36ce9ddf39ab1ba",
                "sha256:99625a92da8229df6d44335e6fcc558a5037dd0a760e11d84be2260e6f37002f",
                "sha256:9cad97ab29dfc3f0249b483412c85c8ef4766d96cdf9dcf5a1e3caa3f3661cf1",
                "sha256:a4abaec6ca3ad8660690236d11bfe28dfd707778e2442b45addd2f086d6ef094",
                "sha256:a6e40afa7f45939ca356f348c8e23048e02cb109ced1eb8420961b2f40fb373a",
                "sha256:a6f2fcca746e8d5910e18782f976489939d54a91f9411c32051b4aab2bd7c513",
                "sha256:a806db027852538d2ad7555b203300173dd1b77ba116de92da9afbc3a3be3eed",
                "sha256:abcabc8c2b26036d62d4c746381a6f7cf60aafcc653198ad678306986b09450d",
                "sha256:b8526c6d437855442cdd3d87eede9c425c4445ea011ca38d937db299382e6fa3",
                "sha256:bb06feb762bade6bf3c8b844462274db0c76acc95c52abe8dbed28ae3d44a147",
                "sha256:c0a33bc9f02c2b17c3ea382f91b4db0e6cde90b63b296422a939886a7a80de1c",
                "sha256:c4a549890a45f57f1ebf99c067a4ad0cb423a05544accaf2b065246827ed9603",
                "sha256:ca244fa73f50a800cf8c3ebf7fd93149ec37f5cb9596aa8873ae2c1d23498601",
                "sha256:cf877ab4ed6e302ec1d04952ca358b381a882fbd9d1b07cccbfd61783561f98a",
                "sha256:d9d971ec1e79906046aa3ca266de79eac42f1dbf3612a05dc9368125952bd1a1",
                "sha256:da25303d91526aac3672ee6d49a2f3db2d9502a4a60b55519feb1a4c7714e07d",
                "sha256:e55e40ff0cc8cc5c07996915ad367fa47da6b3fc091fdadca7f5403239c5fec3",
                "sha256:f03a532d7dee1bed20bc4884194a16160a2de9ffc6354b3878ec9682bb623c54",
                "sha256:f1cd098434e83e656abf198f103a8207a8187c0fc110306691a2e94a78d0abb2",
                "sha256:f2bfb563d0211ce16b63c7cb9395d2c682a23187f54c3d79bfec33e6705473c6",
                "sha256:f8ffb705ffcf5ddd0e80b65ddf7bed7ee4f5a441ea7d3419e861a12eaf41af58"
            ],
            "markers": "python_version >= '3.7'",
            "version": "==2.1.2"
        },
        "more-itertools": {
            "hashes": [
                "sha256:cabaa341ad0389ea83c17a94566a53ae4c9d07349861ecb14dc6d0345cf9ac5d",
                "sha256:d2bc7f02446e86a68911e58ded76d6561eea00cddfb2a91e7019bbb586c799f3"
            ],
            "markers": "python_version >= '3.7'",
            "version": "==9.1.0"
        },
        "oauthlib": {
            "hashes": [
                "sha256:8139f29aac13e25d502680e9e19963e83f16838d48a0d71c287fe40e7067fbca",
                "sha256:9859c40929662bec5d64f34d01c99e093149682a3f38915dc0655d5a633dd918"
            ],
            "markers": "python_version >= '3.6'",
            "version": "==3.2.2"
        },
        "pip": {
            "hashes": [
                "sha256:0e7c86f486935893c708287b30bd050a36ac827ec7fe5e43fe7cb198dd835fba",
                "sha256:3ef6ac33239e4027d9a5598a381b9d30880a1477e50039db2eac6e8a8f6d1b18"
            ],
            "markers": "python_version >= '3.7'",
            "version": "==23.1.2"
        },
        "placebo": {
            "hashes": [
                "sha256:390db04f3f3486790b583dc18cb0bc116f195f196d4e58195adb4bb543ebe0bd"
            ],
            "version": "==0.10.0"
        },
        "psycopg2": {
            "hashes": [
                "sha256:009e0bc09a57dbef4b601cb8b46a2abad51f5274c8be4bba276ff2884cd4cc53",
                "sha256:0344b181e1aea37a58c218ccb0f0f771295de9aa25a625ed076e6996c6530f9e",
                "sha256:0cd4c848f0e9d805d531e44973c8f48962e20eb7fc0edac3db4f9dbf9ed5ab82",
                "sha256:1286dd16d0e46d59fa54582725986704a7a3f3d9aca6c5902a7eceb10c60cb7e",
                "sha256:1cf5d84290c771eeecb734abe2c6c3120e9837eb12f99474141a862b9061ac51",
                "sha256:207ba4f9125a0a4200691e82d5eee7ea1485708eabe99a07fc7f08696fae62f4",
                "sha256:25250867a4cd1510fb755ef9cb38da3065def999d8e92c44e49a39b9b76bc893",
                "sha256:2954557393cfc9a5c11a5199c7a78cd9c0c793a047552d27b1636da50d013916",
                "sha256:317612d5d0ca4a9f7e42afb2add69b10be360784d21ce4ecfbca19f1f5eadf43",
                "sha256:37f54452c7787dbdc0a634ca9773362b91709917f0b365ed14b831f03cbd34ba",
                "sha256:40fa5630cd7d237cd93c4d4b64b9e5ed9273d1cfce55241c7f9066f5db70629d",
                "sha256:57baf63aeb2965ca4b52613ce78e968b6d2bde700c97f6a7e8c6c236b51ab83e",
                "sha256:594aa9a095de16614f703d759e10c018bdffeafce2921b8e80a0e8a0ebbc12e5",
                "sha256:5c3213be557d0468f9df8fe2487eaf2990d9799202c5ff5cb8d394d09fad9b2a",
                "sha256:697ff63bc5451e0b0db48ad205151123d25683b3754198be7ab5fcb44334e519",
                "sha256:6c2f1a76a9ebd9ecf7825b9e20860139ca502c2bf1beabf6accf6c9e66a7e0c3",
                "sha256:7a75565181e75ba0b9fb174b58172bf6ea9b4331631cfe7bafff03f3641f5d73",
                "sha256:7a9c6c62e6e05df5406e9b5235c31c376a22620ef26715a663cee57083b3c2ea",
                "sha256:7c31dade89634807196a6b20ced831fbd5bec8a21c4e458ea950c9102c3aa96f",
                "sha256:82c40ea3ac1555e0462803380609fbe8b26f52620f3d4f8eb480cfd8ceed8a14",
                "sha256:8f5942a4daf1ffac42109dc4a72f786af4baa4fa702ede1d7c57b4b696c2e7d6",
                "sha256:92179bd68c2efe72924a99b6745a9172471931fc296f9bfdf9645b75eebd6344",
                "sha256:94e4128ba1ea56f02522fffac65520091a9de3f5c00da31539e085e13db4771b",
                "sha256:988d2ec7560d42ef0ac34b3b97aad14c4f068792f00e1524fa1d3749fe4e4b64",
                "sha256:9d6266348b15b4a48623bf4d3e50445d8e581da413644f365805b321703d0fac",
                "sha256:9d64fed2681552ed642e9c0cc831a9e95ab91de72b47d0cb68b5bf506ba88647",
                "sha256:b9358e203168fef7bfe9f430afaed3a2a624717a1d19c7afa7dfcbd76e3cd95c",
                "sha256:bf708455cd1e9fa96c05126e89a0c59b200d086c7df7bbafc7d9be769e4149a3",
                "sha256:d3ac07240e2304181ffdb13c099840b5eb555efc7be9344503c0c03aa681de79",
                "sha256:ddca39cc55877653b5fcf59976d073e3d58c7c406ef54ae8e61ddf8782867182",
                "sha256:fc993c9331d91766d54757bbc70231e29d5ceb2d1ac08b1570feaa0c38ab9582"
            ],
            "index": "pypi",
            "version": "==2.7.3.2"
        },
        "pydantic": {
            "hashes": [
                "sha256:01aea3a42c13f2602b7ecbbea484a98169fb568ebd9e247593ea05f01b884b2e",
                "sha256:0cd181f1d0b1d00e2b705f1bf1ac7799a2d938cce3376b8007df62b29be3c2c6",
                "sha256:10a86d8c8db68086f1e30a530f7d5f83eb0685e632e411dbbcf2d5c0150e8dcd",
                "sha256:193924c563fae6ddcb71d3f06fa153866423ac1b793a47936656e806b64e24ca",
                "sha256:464855a7ff7f2cc2cf537ecc421291b9132aa9c79aef44e917ad711b4a93163b",
                "sha256:516f1ed9bc2406a0467dd777afc636c7091d71f214d5e413d64fef45174cfc7a",
                "sha256:6434b49c0b03a51021ade5c4daa7d70c98f7a79e95b551201fff682fc1661245",
                "sha256:64d34ab766fa056df49013bb6e79921a0265204c071984e75a09cbceacbbdd5d",
                "sha256:670bb4683ad1e48b0ecb06f0cfe2178dcf74ff27921cdf1606e527d2617a81ee",
                "sha256:68792151e174a4aa9e9fc1b4e653e65a354a2fa0fed169f7b3d09902ad2cb6f1",
                "sha256:701daea9ffe9d26f97b52f1d157e0d4121644f0fcf80b443248434958fd03dc3",
                "sha256:7d45fc99d64af9aaf7e308054a0067fdcd87ffe974f2442312372dfa66e1001d",
                "sha256:80b1fab4deb08a8292d15e43a6edccdffa5377a36a4597bb545b93e79c5ff0a5",
                "sha256:82dffb306dd20bd5268fd6379bc4bfe75242a9c2b79fec58e1041fbbdb1f7914",
                "sha256:8c7f51861d73e8b9ddcb9916ae7ac39fb52761d9ea0df41128e81e2ba42886cd",
                "sha256:950ce33857841f9a337ce07ddf46bc84e1c4946d2a3bba18f8280297157a3fd1",
                "sha256:976cae77ba6a49d80f461fd8bba183ff7ba79f44aa5cfa82f1346b5626542f8e",
                "sha256:9f6f0fd68d73257ad6685419478c5aece46432f4bdd8d32c7345f1986496171e",
                "sha256:a7cd2251439988b413cb0a985c4ed82b6c6aac382dbaff53ae03c4b23a70e80a",
                "sha256:abfb7d4a7cd5cc4e1d1887c43503a7c5dd608eadf8bc615413fc498d3e4645cd",
                "sha256:ae150a63564929c675d7f2303008d88426a0add46efd76c3fc797cd71cb1b46f",
                "sha256:b0f85904f73161817b80781cc150f8b906d521fa11e3cdabae19a581c3606209",
                "sha256:b4a849d10f211389502059c33332e91327bc154acc1845f375a99eca3afa802d",
                "sha256:c15582f9055fbc1bfe50266a19771bbbef33dd28c45e78afbe1996fd70966c2a",
                "sha256:c230c0d8a322276d6e7b88c3f7ce885f9ed16e0910354510e0bae84d54991143",
                "sha256:cc1dde4e50a5fc1336ee0581c1612215bc64ed6d28d2c7c6f25d2fe3e7c3e918",
                "sha256:cf135c46099ff3f919d2150a948ce94b9ce545598ef2c6c7bf55dca98a304b52",
                "sha256:cfc83c0678b6ba51b0532bea66860617c4cd4251ecf76e9846fa5a9f3454e97e",
                "sha256:d2a5ebb48958754d386195fe9e9c5106f11275867051bf017a8059410e9abf1f",
                "sha256:d71e69699498b020ea198468e2480a2f1e7433e32a3a99760058c6520e2bea7e",
                "sha256:d75ae19d2a3dbb146b6f324031c24f8a3f52ff5d6a9f22f0683694b3afcb16fb",
                "sha256:dfe2507b8ef209da71b6fb5f4e597b50c5a34b78d7e857c4f8f3115effaef5fe",
                "sha256:e0cfe895a504c060e5d36b287ee696e2fdad02d89e0d895f83037245218a87fe",
                "sha256:e79e999e539872e903767c417c897e729e015872040e56b96e67968c3b918b2d",
                "sha256:ecbbc51391248116c0a055899e6c3e7ffbb11fb5e2a4cd6f2d0b93272118a209",
                "sha256:f4a2b50e2b03d5776e7f21af73e2070e1b5c0d0df255a827e7c632962f8315af"
            ],
            "markers": "python_version >= '3.7'",
            "version": "==1.10.7"
        },
        "pysocks": {
            "hashes": [
                "sha256:08e69f092cc6dbe92a0fdd16eeb9b9ffbc13cadfe5ca4c7bd92ffb078b293299",
                "sha256:2725bd0a9925919b9b51739eea5f9e2bae91e83288108a9ad338b2e3a4435ee5",
                "sha256:3f8804571ebe159c380ac6de37643bb4685970655d3bba243530d6558b799aa0"
            ],
            "markers": "python_version >= '2.7' and python_version not in '3.0, 3.1, 3.2, 3.3'",
            "version": "==1.7.1"
        },
        "python-dateutil": {
            "hashes": [
                "sha256:891c38b2a02f5bb1be3e4793866c8df49c7d19baabf9c1bad62547e0b4866aca",
                "sha256:95511bae634d69bc7329ba55e646499a842bc4ec342ad54a8cdb65645a0aad3c"
            ],
            "markers": "python_version >= '2.7'",
            "version": "==2.6.1"
        },
        "python-slugify": {
            "hashes": [
                "sha256:57a385df7a1c6dbd15f7666eaff0ff29d3f60363b228b1197c5308ed3ba5f824",
                "sha256:c3733135d3b184196fdb8844f6a74bbfb9cf6720d1dcce3254bdc434353f938f"
            ],
            "version": "==1.2.4"
        },
        "pytz": {
            "hashes": [
                "sha256:32b0891edff07e28efe91284ed9c31e123d84bea3fd98e1f72be2508f43ef8d9",
                "sha256:d5f05e487007e29e03409f9398d074e158d920d36eb82eaf66fb1136b0c5374c"
            ],
            "index": "pypi",
            "version": "==2018.9"
        },
        "pyyaml": {
            "hashes": [
                "sha256:3d7da3009c0f3e783b2c873687652d83b1bbfd5c88e9813fb7e5b03c0dd3108b",
                "sha256:3ef3092145e9b70e3ddd2c7ad59bdd0252a94dfe3949721633e41344de00a6bf",
                "sha256:40c71b8e076d0550b2e6380bada1f1cd1017b882f7e16f09a65be98e017f211a",
                "sha256:558dd60b890ba8fd982e05941927a3911dc409a63dcb8b634feaa0cda69330d3",
                "sha256:a7c28b45d9f99102fa092bb213aa12e0aaf9a6a1f5e395d36166639c1f96c3a1",
                "sha256:aa7dd4a6a427aed7df6fb7f08a580d68d9b118d90310374716ae90b710280af1",
                "sha256:bc558586e6045763782014934bfaf39d48b8ae85a2713117d16c39864085c613",
                "sha256:d46d7982b62e0729ad0175a9bc7e10a566fc07b224d2c79fafb5e032727eaa04",
                "sha256:d5eef459e30b09f5a098b9cea68bebfeb268697f78d647bd255a085371ac7f3f",
                "sha256:e01d3203230e1786cd91ccfdc8f8454c8069c91bee3962ad93b87a4b2860f537",
                "sha256:e170a9e6fcfd19021dd29845af83bb79236068bf5fd4df3327c1be18182b2531"
            ],
            "version": "==3.13"
        },
        "requests": {
            "hashes": [
                "sha256:58cd2187c01e70e6e26505bca751777aa9f2ee0b7f4300988b709f44e013003f",
                "sha256:942c5a758f98d790eaed1a29cb6eefc7ffb0d1cf7af05c3d2791656dbd6ad1e1"
            ],
            "index": "pypi",
            "version": "==2.31.0"
        },
        "requests-oauthlib": {
            "hashes": [
                "sha256:2577c501a2fb8d05a304c09d090d6e47c306fef15809d102b327cf8364bddab5",
                "sha256:75beac4a47881eeb94d5ea5d6ad31ef88856affe2332b9aafb52c6452ccf0d7a"
            ],
            "markers": "python_version >= '2.7' and python_version not in '3.0, 3.1, 3.2, 3.3'",
            "version": "==1.3.1"
        },
        "s3transfer": {
            "hashes": [
                "sha256:3c0da2d074bf35d6870ef157158641178a4204a6e689e82546083e31e0311346",
                "sha256:640bb492711f4c0c0905e1f62b6aaeb771881935ad27884852411f8e9cacbca9"
            ],
            "markers": "python_version >= '3.7'",
            "version": "==0.6.1"
        },
        "setuptools": {
            "hashes": [
                "sha256:5df61bf30bb10c6f756eb19e7c9f3b473051f48db77fddbe06ff2ca307df9a6f",
                "sha256:62642358adc77ffa87233bc4d2354c4b2682d214048f500964dbe760ccedf102"
            ],
            "markers": "python_version >= '3.7'",
            "version": "==67.8.0"
        },
        "six": {
            "hashes": [
                "sha256:3350809f0555b11f552448330d0b52d5f24c91a322ea4a15ef22629740f3761c",
                "sha256:d16a0141ec1a18405cd4ce8b4613101da75da0e9a7aec5bdd4fa804d0e0eba73"
            ],
            "index": "pypi",
            "version": "==1.12.0"
        },
        "tempora": {
            "hashes": [
                "sha256:003873654acaa49ecca810cee44665d827301134422505386e76f7b080461edb",
                "sha256:98ee27bc528c91a236f9a5d612ede4ef391b01f7862bf11b483ce549053651c1"
            ],
            "markers": "python_version >= '3.7'",
            "version": "==5.2.2"
        },
        "toml": {
            "hashes": [
                "sha256:806143ae5bfb6a3c6e736a764057db0e6a0e05e338b5630894a5f779cabb4f9b",
                "sha256:b3bda1d108d5dd99f4a20d24d9c348e91c4db7ab1b749200bded2f839ccbe68f"
            ],
            "markers": "python_version >= '2.6' and python_version not in '3.0, 3.1, 3.2, 3.3'",
            "version": "==0.10.2"
        },
        "tqdm": {
            "hashes": [
                "sha256:ba650e08b8b102923a05896bf9d7e1c9cdc20b484156df0511a4bbf1f6b6f89b",
                "sha256:fa6d2ea6285f56e75d7efe9259805deadc450f16066a1f82ad0629ea9be2cd0f"
            ],
            "version": "==4.19.1"
        },
        "troposphere": {
            "hashes": [
                "sha256:53288a432ba6f33a44524c835e4ddce23b1bff31475b93a709c58554e2b206de",
                "sha256:9c80d8b3e8ce7f4dfdbe6626fc8116fb897c8d93d1faf40d79f64e3904981456"
            ],
            "markers": "python_version >= '3.7'",
            "version": "==4.3.2"
        },
        "tweepy": {
            "hashes": [
                "sha256:de56db37181e6ba2a375a7a81845ee6b2aee0e39a7bc8fb96a60c0370062f0a2",
                "sha256:fe85a79f58a01dd335968523b91c5fce760e7fe78bf25a6e71c72204fe499d0b"
            ],
            "index": "pypi",
            "version": "==3.7.0"
        },
        "typing-extensions": {
            "hashes": [
                "sha256:5cb5f4a79139d699607b3ef622a1dedafa84e115ab0024e0d9c044a9479ca7cb",
                "sha256:fb33085c39dd998ac16d1431ebc293a8b3eedd00fd4a32de0ff79002c19511b4"
            ],
            "markers": "python_version >= '3.7'",
            "version": "==4.5.0"
        },
        "tzlocal": {
            "hashes": [
                "sha256:46eb99ad4bdb71f3f72b7d24f4267753e240944ecfc16f25d2719ba89827a803",
                "sha256:f3596e180296aaf2dbd97d124fe76ae3a0e3d32b258447de7b939b3fd4be992f"
            ],
            "markers": "python_version >= '3.7'",
            "version": "==5.0.1"
        },
        "unidecode": {
            "hashes": [
                "sha256:547d7c479e4f377b430dd91ac1275d593308dce0fc464fb2ab7d41f82ec653be",
                "sha256:fed09cf0be8cf415b391642c2a5addfc72194407caee4f98719e40ec2a72b830"
            ],
            "markers": "python_version >= '3.5'",
            "version": "==1.3.6"
        },
        "urllib3": {
            "hashes": [
                "sha256:8a388717b9476f934a21484e8c8e61875ab60644d29b9b39e11e4b9dc1c6b305",
                "sha256:aa751d169e23c7479ce47a0cb0da579e3ede798f994f5816a74e4f4500dcea42"
            ],
            "markers": "python_version >= '2.7' and python_version not in '3.0, 3.1, 3.2, 3.3, 3.4, 3.5'",
            "version": "==1.26.15"
        },
        "watchtower": {
            "hashes": [
                "sha256:01c9c51fa6956ab9e48283254ab8a643853b4c41d396934a4f90eddc4a94c760",
                "sha256:ca2341a5216610239e01ffc5eb7887916377a58f68cc6afa04e75404a7e4e1b6"
            ],
            "index": "pypi",
            "version": "==0.3.6"
        },
        "werkzeug": {
            "hashes": [
                "sha256:1d5a58e0377d1fe39d061a5de4469e414e78ccb1e1e59c0f5ad6fa1c36c52b76",
                "sha256:48e5e61472fee0ddee27ebad085614ebedb7af41e88f687aaf881afb723a162f"
            ],
            "markers": "python_version >= '3.8'",
            "version": "==2.3.4"
        },
        "wheel": {
            "hashes": [
                "sha256:cd1196f3faee2b31968d626e1731c94f99cbdb67cf5a46e4f5656cbee7738873",
                "sha256:d236b20e7cb522daf2390fa84c55eea81c5c30190f90f29ae2ca1ad8355bf247"
            ],
            "markers": "python_version >= '3.7'",
            "version": "==0.40.0"
        },
        "wsgi-request-logger": {
            "hashes": [
                "sha256:445d7ec52799562f812006394d0b4a7064b37084c6ea6bd74ea7a2136c97ed83"
            ],
            "version": "==0.4.6"
        },
        "zappa": {
            "hashes": [
                "sha256:6dfc7ce283a026cac1850356b7bb50b3602e1fd84119b6a9ded79bea46ff0934",
                "sha256:e1ee01ae748d76c5903bde86aa01d5d32b3745843f9c909ddf8966907861da1f",
                "sha256:f5b4dfe2170d112249b647283f1f0352558325a807afb6f98156fa12ae29bf4e"
            ],
            "index": "pypi",
            "version": "==0.47.1"
        }
    },
    "develop": {
        "nose": {
            "hashes": [
                "sha256:9ff7c6cc443f8c51994b34a667bbcf45afd6d945be7477b52e97516fd17c53ac",
                "sha256:dadcddc0aefbf99eea214e0f1232b94f2fa9bd98fa8353711dacb112bfcbbb2a",
                "sha256:f1bffef9cbc82628f6e7d7b40d7e255aefaa1adb6a1b1d26c69a8b79e6208a98"
            ],
            "index": "pypi",
            "version": "==1.3.7"
        }
    }
}
